
Microsoft Visual Studio Solution File, Format Version 12.00
# Visual Studio Version 16
VisualStudioVersion = 16.0.32802.440
MinimumVisualStudioVersion = 10.0.40219.1
Project("{8BC9CEB8-8B4A-11D0-8D11-00A0C91BC942}") = "Test_2022_11", "Test_2022_11.vcxproj", "{27459308-25C7-466D-B800-988C3EB7413A}"
EndProject
Global
	GlobalSection(SolutionConfigurationPlatforms) = preSolution
		Debug|x64 = Debug|x64
		Debug|x86 = Debug|x86
		Release|x64 = Release|x64
		Release|x86 = Release|x86
	EndGlobalSection
	GlobalSection(ProjectConfigurationPlatforms) = postSolution
		{27459308-25C7-466D-B800-988C3EB7413A}.Debug|x64.ActiveCfg = Debug|x64
		{27459308-25C7-466D-B800-988C3EB7413A}.Debug|x64.Build.0 = Debug|x64
		{27459308-25C7-466D-B800-988C3EB7413A}.Debug|x86.ActiveCfg = Debug|Win32
		{27459308-25C7-466D-B800-988C3EB7413A}.Debug|x86.Build.0 = Debug|Win32
		{27459308-25C7-466D-B800-988C3EB7413A}.Release|x64.ActiveCfg = Release|x64
		{27459308-25C7-466D-B800-988C3EB7413A}.Release|x64.Build.0 = Release|x64
		{27459308-25C7-466D-B800-988C3EB7413A}.Release|x86.ActiveCfg = Release|Win32
		{27459308-25C7-466D-B800-988C3EB7413A}.Release|x86.Build.0 = Release|Win32
	EndGlobalSection
	GlobalSection(SolutionProperties) = preSolution
		HideSolutionNode = FALSE
	EndGlobalSection
	GlobalSection(ExtensibilityGlobals) = postSolution
		SolutionGuid = {639CF37E-DE58-46F8-9D4F-F8F27A519A14}
	EndGlobalSection
EndGlobal
